
Microsoft Visual Studio Solution File, Format Version 12.00
# Visual Studio Version 17
VisualStudioVersion = 17.9.34616.47
MinimumVisualStudioVersion = 10.0.40219.1
Project("{9A19103F-16F7-4668-BE54-9A1E7A4F7556}") = "Console.Commerce", "..\Console.Commerce\Console.Commerce.csproj", "{348E6BBD-64EA-4C9E-90B1-CC6FB7E8C101}"
EndProject
Project("{2150E333-8FDC-42A3-9474-1A3956D46DE8}") = "Solution Items", "Solution Items", "{8DA67289-6812-4165-950D-5936DCCC0F7A}"
	ProjectSection(SolutionItems) = preProject
		.gitignore = .gitignore
	EndProjectSection
EndProject
Project("{9A19103F-16F7-4668-BE54-9A1E7A4F7556}") = "Ecommerce.Services", "Ecommerce.Services\Ecommerce.Services.csproj", "{435DF05A-192F-4961-AEC2-C01200F16E94}"
EndProject
Project("{9A19103F-16F7-4668-BE54-9A1E7A4F7556}") = "Tests", "..\Tests\Tests.csproj", "{DA98336A-E7AE-4AE9-8A60-AD68A1262264}"
EndProject
Global
	GlobalSection(SolutionConfigurationPlatforms) = preSolution
		Debug|Any CPU = Debug|Any CPU
		Release|Any CPU = Release|Any CPU
	EndGlobalSection
	GlobalSection(ProjectConfigurationPlatforms) = postSolution
		{348E6BBD-64EA-4C9E-90B1-CC6FB7E8C101}.Debug|Any CPU.ActiveCfg = Debug|Any CPU
		{348E6BBD-64EA-4C9E-90B1-CC6FB7E8C101}.Debug|Any CPU.Build.0 = Debug|Any CPU
		{348E6BBD-64EA-4C9E-90B1-CC6FB7E8C101}.Release|Any CPU.ActiveCfg = Release|Any CPU
		{348E6BBD-64EA-4C9E-90B1-CC6FB7E8C101}.Release|Any CPU.Build.0 = Release|Any CPU
		{435DF05A-192F-4961-AEC2-C01200F16E94}.Debug|Any CPU.ActiveCfg = Debug|Any CPU
		{435DF05A-192F-4961-AEC2-C01200F16E94}.Debug|Any CPU.Build.0 = Debug|Any CPU
		{435DF05A-192F-4961-AEC2-C01200F16E94}.Release|Any CPU.ActiveCfg = Release|Any CPU
		{435DF05A-192F-4961-AEC2-C01200F16E94}.Release|Any CPU.Build.0 = Release|Any CPU
		{DA98336A-E7AE-4AE9-8A60-AD68A1262264}.Debug|Any CPU.ActiveCfg = Debug|Any CPU
		{DA98336A-E7AE-4AE9-8A60-AD68A1262264}.Debug|Any CPU.Build.0 = Debug|Any CPU
		{DA98336A-E7AE-4AE9-8A60-AD68A1262264}.Release|Any CPU.ActiveCfg = Release|Any CPU
		{DA98336A-E7AE-4AE9-8A60-AD68A1262264}.Release|Any CPU.Build.0 = Release|Any CPU
	EndGlobalSection
	GlobalSection(SolutionProperties) = preSolution
		HideSolutionNode = FALSE
	EndGlobalSection
	GlobalSection(ExtensibilityGlobals) = postSolution
		SolutionGuid = {133319D9-EF05-4655-943F-D35487346594}
	EndGlobalSection
EndGlobal
